// !$*UTF8*$!
{
	archiveVersion = 1;
	classes = {
	};
	objectVersion = 50;
	objects = {

/* Begin PBXBuildFile section */
		494B2B8A224E2C1E0003D6AD /* AppDelegate.swift in Sources */ = {isa = PBXBuildFile; fileRef = 494B2B89224E2C1E0003D6AD /* AppDelegate.swift */; };
		494B2B8C224E2C1E0003D6AD /* ViewController.swift in Sources */ = {isa = PBXBuildFile; fileRef = 494B2B8B224E2C1E0003D6AD /* ViewController.swift */; };
		494B2B8F224E2C1E0003D6AD /* Main.storyboard in Resources */ = {isa = PBXBuildFile; fileRef = 494B2B8D224E2C1E0003D6AD /* Main.storyboard */; };
		494B2B94224E2C1E0003D6AD /* LaunchScreen.storyboard in Resources */ = {isa = PBXBuildFile; fileRef = 494B2B92224E2C1E0003D6AD /* LaunchScreen.storyboard */; };
		494B2B9F224E2C1E0003D6AD /* TicTacToeTests.swift in Sources */ = {isa = PBXBuildFile; fileRef = 494B2B9E224E2C1E0003D6AD /* TicTacToeTests.swift */; };
		494B2BAA224E2C1E0003D6AD /* TicTacToeUITests.swift in Sources */ = {isa = PBXBuildFile; fileRef = 494B2BA9224E2C1E0003D6AD /* TicTacToeUITests.swift */; };
		494B2BC1224E45290003D6AD /* Assets.xcassets in Resources */ = {isa = PBXBuildFile; fileRef = 494B2BC0224E45290003D6AD /* Assets.xcassets */; };
/* End PBXBuildFile section */

/* Begin PBXContainerItemProxy section */
		494B2B9B224E2C1E0003D6AD /* PBXContainerItemProxy */ = {
			isa = PBXContainerItemProxy;
			containerPortal = 494B2B7E224E2C1E0003D6AD /* Project object */;
			proxyType = 1;
			remoteGlobalIDString = 494B2B85224E2C1E0003D6AD;
			remoteInfo = TicTacToe;
		};
		494B2BA6224E2C1E0003D6AD /* PBXContainerItemProxy */ = {
			isa = PBXContainerItemProxy;
			containerPortal = 494B2B7E224E2C1E0003D6AD /* Project object */;
			proxyType = 1;
			remoteGlobalIDString = 494B2B85224E2C1E0003D6AD;
			remoteInfo = TicTacToe;
		};
/* End PBXContainerItemProxy section */

/* Begin PBXFileReference section */
		494B2B86224E2C1E0003D6AD /* TicTacToe.app */ = {isa = PBXFileReference; explicitFileType = wrapper.application; includeInIndex = 0; path = TicTacToe.app; sourceTree = BUILT_PRODUCTS_DIR; };
		494B2B89224E2C1E0003D6AD /* AppDelegate.swift */ = {isa = PBXFileReference; lastKnownFileType = sourcecode.swift; path = AppDelegate.swift; sourceTree = "<group>"; };
		494B2B8B224E2C1E0003D6AD /* ViewController.swift */ = {isa = PBXFileReference; lastKnownFileType = sourcecode.swift; path = ViewController.swift; sourceTree = "<group>"; };
		494B2B8E224E2C1E0003D6AD /* Base */ = {isa = PBXFileReference; lastKnownFileType = file.storyboard; name = Base; path = Base.lproj/Main.storyboard; sourceTree = "<group>"; };
		494B2B93224E2C1E0003D6AD /* Base */ = {isa = PBXFileReference; lastKnownFileType = file.storyboard; name = Base; path = Base.lproj/LaunchScreen.storyboard; sourceTree = "<group>"; };
		494B2B95224E2C1E0003D6AD /* Info.plist */ = {isa = PBXFileReference; lastKnownFileType = text.plist.xml; path = Info.plist; sourceTree = "<group>"; };
		494B2B9A224E2C1E0003D6AD /* TicTacToeTests.xctest */ = {isa = PBXFileReference; explicitFileType = wrapper.cfbundle; includeInIndex = 0; path = TicTacToeTests.xctest; sourceTree = BUILT_PRODUCTS_DIR; };
		494B2B9E224E2C1E0003D6AD /* TicTacToeTests.swift */ = {isa = PBXFileReference; lastKnownFileType = sourcecode.swift; path = TicTacToeTests.swift; sourceTree = "<group>"; };
		494B2BA0224E2C1E0003D6AD /* Info.plist */ = {isa = PBXFileReference; lastKnownFileType = text.plist.xml; path = Info.plist; sourceTree = "<group>"; };
		494B2BA5224E2C1E0003D6AD /* TicTacToeUITests.xctest */ = {isa = PBXFileReference; explicitFileType = wrapper.cfbundle; includeInIndex = 0; path = TicTacToeUITests.xctest; sourceTree = BUILT_PRODUCTS_DIR; };
		494B2BA9224E2C1E0003D6AD /* TicTacToeUITests.swift */ = {isa = PBXFileReference; lastKnownFileType = sourcecode.swift; path = TicTacToeUITests.swift; sourceTree = "<group>"; };
		494B2BAB224E2C1E0003D6AD /* Info.plist */ = {isa = PBXFileReference; lastKnownFileType = text.plist.xml; path = Info.plist; sourceTree = "<group>"; };
		494B2BC0224E45290003D6AD /* Assets.xcassets */ = {isa = PBXFileReference; lastKnownFileType = folder.assetcatalog; path = Assets.xcassets; sourceTree = "<group>"; };
/* End PBXFileReference section */

/* Begin PBXFrameworksBuildPhase section */
		494B2B83224E2C1E0003D6AD /* Frameworks */ = {
			isa = PBXFrameworksBuildPhase;
			buildActionMask = 2147483647;
			files = (
			);
			runOnlyForDeploymentPostprocessing = 0;
		};
		494B2B97224E2C1E0003D6AD /* Frameworks */ = {
			isa = PBXFrameworksBuildPhase;
			buildActionMask = 2147483647;
			files = (
			);
			runOnlyForDeploymentPostprocessing = 0;
		};
		494B2BA2224E2C1E0003D6AD /* Frameworks */ = {
			isa = PBXFrameworksBuildPhase;
			buildActionMask = 2147483647;
			files = (
			);
			runOnlyForDeploymentPostprocessing = 0;
		};
/* End PBXFrameworksBuildPhase section */

/* Begin PBXGroup section */
		494B2B7D224E2C1E0003D6AD = {
			isa = PBXGroup;
			children = (
				494B2B88224E2C1E0003D6AD /* TicTacToe */,
				494B2B9D224E2C1E0003D6AD /* TicTacToeTests */,
				494B2BA8224E2C1E0003D6AD /* TicTacToeUITests */,
				494B2B87224E2C1E0003D6AD /* Products */,
			);
			sourceTree = "<group>";
		};
		494B2B87224E2C1E0003D6AD /* Products */ = {
			isa = PBXGroup;
			children = (
				494B2B86224E2C1E0003D6AD /* TicTacToe.app */,
				494B2B9A224E2C1E0003D6AD /* TicTacToeTests.xctest */,
				494B2BA5224E2C1E0003D6AD /* TicTacToeUITests.xctest */,
			);
			name = Products;
			sourceTree = "<group>";
		};
		494B2B88224E2C1E0003D6AD /* TicTacToe */ = {
			isa = PBXGroup;
			children = (
				494B2B89224E2C1E0003D6AD /* AppDelegate.swift */,
				494B2B8B224E2C1E0003D6AD /* ViewController.swift */,
				494B2B8D224E2C1E0003D6AD /* Main.storyboard */,
				494B2BC0224E45290003D6AD /* Assets.xcassets */,
				494B2B92224E2C1E0003D6AD /* LaunchScreen.storyboard */,
				494B2B95224E2C1E0003D6AD /* Info.plist */,
			);
			path = TicTacToe;
			sourceTree = "<group>";
		};
		494B2B9D224E2C1E0003D6AD /* TicTacToeTests */ = {
			isa = PBXGroup;
			children = (
				494B2B9E224E2C1E0003D6AD /* TicTacToeTests.swift */,
				494B2BA0224E2C1E0003D6AD /* Info.plist */,
			);
			path = TicTacToeTests;
			sourceTree = "<group>";
		};
		494B2BA8224E2C1E0003D6AD /* TicTacToeUITests */ = {
			isa = PBXGroup;
			children = (
				494B2BA9224E2C1E0003D6AD /* TicTacToeUITests.swift */,
				494B2BAB224E2C1E0003D6AD /* Info.plist */,
			);
			path = TicTacToeUITests;
			sourceTree = "<group>";
		};
/* End PBXGroup section */

/* Begin PBXNativeTarget section */
		494B2B85224E2C1E0003D6AD /* TicTacToe */ = {
			isa = PBXNativeTarget;
			buildConfigurationList = 494B2BAE224E2C1E0003D6AD /* Build configuration list for PBXNativeTarget "TicTacToe" */;
			buildPhases = (
				494B2B82224E2C1E0003D6AD /* Sources */,
				494B2B83224E2C1E0003D6AD /* Frameworks */,
				494B2B84224E2C1E0003D6AD /* Resources */,
			);
			buildRules = (
			);
			dependencies = (
			);
			name = TicTacToe;
			productName = TicTacToe;
			productReference = 494B2B86224E2C1E0003D6AD /* TicTacToe.app */;
			productType = "com.apple.product-type.application";
		};
		494B2B99224E2C1E0003D6AD /* TicTacToeTests */ = {
			isa = PBXNativeTarget;
			buildConfigurationList = 494B2BB1224E2C1E0003D6AD /* Build configuration list for PBXNativeTarget "TicTacToeTests" */;
			buildPhases = (
				494B2B96224E2C1E0003D6AD /* Sources */,
				494B2B97224E2C1E0003D6AD /* Frameworks */,
				494B2B98224E2C1E0003D6AD /* Resources */,
			);
			buildRules = (
			);
			dependencies = (
				494B2B9C224E2C1E0003D6AD /* PBXTargetDependency */,
			);
			name = TicTacToeTests;
			productName = TicTacToeTests;
			productReference = 494B2B9A224E2C1E0003D6AD /* TicTacToeTests.xctest */;
			productType = "com.apple.product-type.bundle.unit-test";
		};
		494B2BA4224E2C1E0003D6AD /* TicTacToeUITests */ = {
			isa = PBXNativeTarget;
			buildConfigurationList = 494B2BB4224E2C1E0003D6AD /* Build configuration list for PBXNativeTarget "TicTacToeUITests" */;
			buildPhases = (
				494B2BA1224E2C1E0003D6AD /* Sources */,
				494B2BA2224E2C1E0003D6AD /* Frameworks */,
				494B2BA3224E2C1E0003D6AD /* Resources */,
			);
			buildRules = (
			);
			dependencies = (
				494B2BA7224E2C1E0003D6AD /* PBXTargetDependency */,
			);
			name = TicTacToeUITests;
			productName = TicTacToeUITests;
			productReference = 494B2BA5224E2C1E0003D6AD /* TicTacToeUITests.xctest */;
			productType = "com.apple.product-type.bundle.ui-testing";
		};
/* End PBXNativeTarget section */

/* Begin PBXProject section */
		494B2B7E224E2C1E0003D6AD /* Project object */ = {
			isa = PBXProject;
			attributes = {
				LastSwiftUpdateCheck = 1020;
				LastUpgradeCheck = 1020;
				ORGANIZATIONNAME = "Martin Løseth Jensen";
				TargetAttributes = {
					494B2B85224E2C1E0003D6AD = {
						CreatedOnToolsVersion = 10.2;
					};
					494B2B99224E2C1E0003D6AD = {
						CreatedOnToolsVersion = 10.2;
						TestTargetID = 494B2B85224E2C1E0003D6AD;
					};
					494B2BA4224E2C1E0003D6AD = {
						CreatedOnToolsVersion = 10.2;
						TestTargetID = 494B2B85224E2C1E0003D6AD;
					};
				};
			};
			buildConfigurationList = 494B2B81224E2C1E0003D6AD /* Build configuration list for PBXProject "TicTacToe" */;
			compatibilityVersion = "Xcode 9.3";
			developmentRegion = en;
			hasScannedForEncodings = 0;
			knownRegions = (
				en,
				Base,
			);
			mainGroup = 494B2B7D224E2C1E0003D6AD;
			productRefGroup = 494B2B87224E2C1E0003D6AD /* Products */;
			projectDirPath = "";
			projectRoot = "";
			targets = (
				494B2B85224E2C1E0003D6AD /* TicTacToe */,
				494B2B99224E2C1E0003D6AD /* TicTacToeTests */,
				494B2BA4224E2C1E0003D6AD /* TicTacToeUITests */,
			);
		};
/* End PBXProject section */

/* Begin PBXResourcesBuildPhase section */
		494B2B84224E2C1E0003D6AD /* Resources */ = {
			isa = PBXResourcesBuildPhase;
			buildActionMask = 2147483647;
			files = (
				494B2B94224E2C1E0003D6AD /* LaunchScreen.storyboard in Resources */,
				494B2BC1224E45290003D6AD /* Assets.xcassets in Resources */,
				494B2B8F224E2C1E0003D6AD /* Main.storyboard in Resources */,
			);
			runOnlyForDeploymentPostprocessing = 0;
		};
		494B2B98224E2C1E0003D6AD /* Resources */ = {
			isa = PBXResourcesBuildPhase;
			buildActionMask = 2147483647;
			files = (
			);
			runOnlyForDeploymentPostprocessing = 0;
		};
		494B2BA3224E2C1E0003D6AD /* Resources */ = {
			isa = PBXResourcesBuildPhase;
			buildActionMask = 2147483647;
			files = (
			);
			runOnlyForDeploymentPostprocessing = 0;
		};
/* End PBXResourcesBuildPhase section */

/* Begin PBXSourcesBuildPhase section */
		494B2B82224E2C1E0003D6AD /* Sources */ = {
			isa = PBXSourcesBuildPhase;
			buildActionMask = 2147483647;
			files = (
				494B2B8C224E2C1E0003D6AD /* ViewController.swift in Sources */,
				494B2B8A224E2C1E0003D6AD /* AppDelegate.swift in Sources */,
			);
			runOnlyForDeploymentPostprocessing = 0;
		};
		494B2B96224E2C1E0003D6AD /* Sources */ = {
			isa = PBXSourcesBuildPhase;
			buildActionMask = 2147483647;
			files = (
				494B2B9F224E2C1E0003D6AD /* TicTacToeTests.swift in Sources */,
			);
			runOnlyForDeploymentPostprocessing = 0;
		};
		494B2BA1224E2C1E0003D6AD /* Sources */ = {
			isa = PBXSourcesBuildPhase;
			buildActionMask = 2147483647;
			files = (
				494B2BAA224E2C1E0003D6AD /* TicTacToeUITests.swift in Sources */,
			);
			runOnlyForDeploymentPostprocessing = 0;
		};
/* End PBXSourcesBuildPhase section */

/* Begin PBXTargetDependency section */
		494B2B9C224E2C1E0003D6AD /* PBXTargetDependency */ = {
			isa = PBXTargetDependency;
			target = 494B2B85224E2C1E0003D6AD /* TicTacToe */;
			targetProxy = 494B2B9B224E2C1E0003D6AD /* PBXContainerItemProxy */;
		};
		494B2BA7224E2C1E0003D6AD /* PBXTargetDependency */ = {
			isa = PBXTargetDependency;
			target = 494B2B85224E2C1E0003D6AD /* TicTacToe */;
			targetProxy = 494B2BA6224E2C1E0003D6AD /* PBXContainerItemProxy */;
		};
/* End PBXTargetDependency section */

/* Begin PBXVariantGroup section */
		494B2B8D224E2C1E0003D6AD /* Main.storyboard */ = {
			isa = PBXVariantGroup;
			children = (
				494B2B8E224E2C1E0003D6AD /* Base */,
			);
			name = Main.storyboard;
			sourceTree = "<group>";
		};
		494B2B92224E2C1E0003D6AD /* LaunchScreen.storyboard */ = {
			isa = PBXVariantGroup;
			children = (
				494B2B93224E2C1E0003D6AD /* Base */,
			);
			name = LaunchScreen.storyboard;
			sourceTree = "<group>";
		};
/* End PBXVariantGroup section */

/* Begin XCBuildConfiguration section */
		494B2BAC224E2C1E0003D6AD /* Debug */ = {
			isa = XCBuildConfiguration;
			buildSettings = {
				ALWAYS_SEARCH_USER_PATHS = NO;
				CLANG_ANALYZER_NONNULL = YES;
				CLANG_ANALYZER_NUMBER_OBJECT_CONVERSION = YES_AGGRESSIVE;
				CLANG_CXX_LANGUAGE_STANDARD = "gnu++14";
				CLANG_CXX_LIBRARY = "libc++";
				CLANG_ENABLE_MODULES = YES;
				CLANG_ENABLE_OBJC_ARC = YES;
				CLANG_ENABLE_OBJC_WEAK = YES;
				CLANG_WARN_BLOCK_CAPTURE_AUTORELEASING = YES;
				CLANG_WARN_BOOL_CONVERSION = YES;
				CLANG_WARN_COMMA = YES;
				CLANG_WARN_CONSTANT_CONVERSION = YES;
				CLANG_WARN_DEPRECATED_OBJC_IMPLEMENTATIONS = YES;
				CLANG_WARN_DIRECT_OBJC_ISA_USAGE = YES_ERROR;
				CLANG_WARN_DOCUMENTATION_COMMENTS = YES;
				CLANG_WARN_EMPTY_BODY = YES;
				CLANG_WARN_ENUM_CONVERSION = YES;
				CLANG_WARN_INFINITE_RECURSION = YES;
				CLANG_WARN_INT_CONVERSION = YES;
				CLANG_WARN_NON_LITERAL_NULL_CONVERSION = YES;
				CLANG_WARN_OBJC_IMPLICIT_RETAIN_SELF = YES;
				CLANG_WARN_OBJC_LITERAL_CONVERSION = YES;
				CLANG_WARN_OBJC_ROOT_CLASS = YES_ERROR;
				CLANG_WARN_RANGE_LOOP_ANALYSIS = YES;
				CLANG_WARN_STRICT_PROTOTYPES = YES;
				CLANG_WARN_SUSPICIOUS_MOVE = YES;
				CLANG_WARN_UNGUARDED_AVAILABILITY = YES_AGGRESSIVE;
				CLANG_WARN_UNREACHABLE_CODE = YES;
				CLANG_WARN__DUPLICATE_METHOD_MATCH = YES;
				CODE_SIGN_IDENTITY = "iPhone Developer";
				COPY_PHASE_STRIP = NO;
				DEBUG_INFORMATION_FORMAT = dwarf;
				ENABLE_STRICT_OBJC_MSGSEND = YES;
				ENABLE_TESTABILITY = YES;
				GCC_C_LANGUAGE_STANDARD = gnu11;
				GCC_DYNAMIC_NO_PIC = NO;
				GCC_NO_COMMON_BLOCKS = YES;
				GCC_OPTIMIZATION_LEVEL = 0;
				GCC_PREPROCESSOR_DEFINITIONS = (
					"DEBUG=1",
					"$(inherited)",
				);
				GCC_WARN_64_TO_32_BIT_CONVERSION = YES;
				GCC_WARN_ABOUT_RETURN_TYPE = YES_ERROR;
				GCC_WARN_UNDECLARED_SELECTOR = YES;
				GCC_WARN_UNINITIALIZED_AUTOS = YES_AGGRESSIVE;
				GCC_WARN_UNUSED_FUNCTION = YES;
				GCC_WARN_UNUSED_VARIABLE = YES;
				IPHONEOS_DEPLOYMENT_TARGET = 12.2;
				MTL_ENABLE_DEBUG_INFO = INCLUDE_SOURCE;
				MTL_FAST_MATH = YES;
				ONLY_ACTIVE_ARCH = YES;
				SDKROOT = iphoneos;
				SWIFT_ACTIVE_COMPILATION_CONDITIONS = DEBUG;
				SWIFT_OPTIMIZATION_LEVEL = "-Onone";
			};
			name = Debug;
		};
		494B2BAD224E2C1E0003D6AD /* Release */ = {
			isa = XCBuildConfiguration;
			buildSettings = {
				ALWAYS_SEARCH_USER_PATHS = NO;
				CLANG_ANALYZER_NONNULL = YES;
				CLANG_ANALYZER_NUMBER_OBJECT_CONVERSION = YES_AGGRESSIVE;
				CLANG_CXX_LANGUAGE_STANDARD = "gnu++14";
				CLANG_CXX_LIBRARY = "libc++";
				CLANG_ENABLE_MODULES = YES;
				CLANG_ENABLE_OBJC_ARC = YES;
				CLANG_ENABLE_OBJC_WEAK = YES;
				CLANG_WARN_BLOCK_CAPTURE_AUTORELEASING = YES;
				CLANG_WARN_BOOL_CONVERSION = YES;
				CLANG_WARN_COMMA = YES;
				CLANG_WARN_CONSTANT_CONVERSION = YES;
				CLANG_WARN_DEPRECATED_OBJC_IMPLEMENTATIONS = YES;
				CLANG_WARN_DIRECT_OBJC_ISA_USAGE = YES_ERROR;
				CLANG_WARN_DOCUMENTATION_COMMENTS = YES;
				CLANG_WARN_EMPTY_BODY = YES;
				CLANG_WARN_ENUM_CONVERSION = YES;
				CLANG_WARN_INFINITE_RECURSION = YES;
				CLANG_WARN_INT_CONVERSION = YES;
				CLANG_WARN_NON_LITERAL_NULL_CONVERSION = YES;
				CLANG_WARN_OBJC_IMPLICIT_RETAIN_SELF = YES;
				CLANG_WARN_OBJC_LITERAL_CONVERSION = YES;
				CLANG_WARN_OBJC_ROOT_CLASS = YES_ERROR;
				CLANG_WARN_RANGE_LOOP_ANALYSIS = YES;
				CLANG_WARN_STRICT_PROTOTYPES = YES;
				CLANG_WARN_SUSPICIOUS_MOVE = YES;
				CLANG_WARN_UNGUARDED_AVAILABILITY = YES_AGGRESSIVE;
				CLANG_WARN_UNREACHABLE_CODE = YES;
				CLANG_WARN__DUPLICATE_METHOD_MATCH = YES;
				CODE_SIGN_IDENTITY = "iPhone Developer";
				COPY_PHASE_STRIP = NO;
				DEBUG_INFORMATION_FORMAT = "dwarf-with-dsym";
				ENABLE_NS_ASSERTIONS = NO;
				ENABLE_STRICT_OBJC_MSGSEND = YES;
				GCC_C_LANGUAGE_STANDARD = gnu11;
				GCC_NO_COMMON_BLOCKS = YES;
				GCC_WARN_64_TO_32_BIT_CONVERSION = YES;
				GCC_WARN_ABOUT_RETURN_TYPE = YES_ERROR;
				GCC_WARN_UNDECLARED_SELECTOR = YES;
				GCC_WARN_UNINITIALIZED_AUTOS = YES_AGGRESSIVE;
				GCC_WARN_UNUSED_FUNCTION = YES;
				GCC_WARN_UNUSED_VARIABLE = YES;
				IPHONEOS_DEPLOYMENT_TARGET = 12.2;
				MTL_ENABLE_DEBUG_INFO = NO;
				MTL_FAST_MATH = YES;
				SDKROOT = iphoneos;
				SWIFT_COMPILATION_MODE = wholemodule;
				SWIFT_OPTIMIZATION_LEVEL = "-O";
				VALIDATE_PRODUCT = YES;
			};
			name = Release;
		};
		494B2BAF224E2C1E0003D6AD /* Debug */ = {
			isa = XCBuildConfiguration;
			buildSettings = {
				ASSETCATALOG_COMPILER_APPICON_NAME = AppIcon;
				CODE_SIGN_STYLE = Automatic;
				DEVELOPMENT_TEAM = JKUK4Z4JD9;
				INFOPLIST_FILE = TicTacToe/Info.plist;
				LD_RUNPATH_SEARCH_PATHS = (
					"$(inherited)",
					"@executable_path/Frameworks",
				);
				PRODUCT_BUNDLE_IDENTIFIER = dk.mlj.TicTacToe;
				PRODUCT_NAME = "$(TARGET_NAME)";
				SWIFT_VERSION = 5.0;
				TARGETED_DEVICE_FAMILY = "1,2";
			};
			name = Debug;
		};
		494B2BB0224E2C1E0003D6AD /* Release */ = {
			isa = XCBuildConfiguration;
			buildSettings = {
				ASSETCATALOG_COMPILER_APPICON_NAME = AppIcon;
				CODE_SIGN_STYLE = Automatic;
				DEVELOPMENT_TEAM = JKUK4Z4JD9;
				INFOPLIST_FILE = TicTacToe/Info.plist;
				LD_RUNPATH_SEARCH_PATHS = (
					"$(inherited)",
					"@executable_path/Frameworks",
				);
				PRODUCT_BUNDLE_IDENTIFIER = dk.mlj.TicTacToe;
				PRODUCT_NAME = "$(TARGET_NAME)";
				SWIFT_VERSION = 5.0;
				TARGETED_DEVICE_FAMILY = "1,2";
			};
			name = Release;
		};
		494B2BB2224E2C1E0003D6AD /* Debug */ = {
			isa = XCBuildConfiguration;
			buildSettings = {
				ALWAYS_EMBED_SWIFT_STANDARD_LIBRARIES = YES;
				BUNDLE_LOADER = "$(TEST_HOST)";
				CODE_SIGN_STYLE = Automatic;
				DEVELOPMENT_TEAM = JKUK4Z4JD9;
				INFOPLIST_FILE = TicTacToeTests/Info.plist;
				LD_RUNPATH_SEARCH_PATHS = (
					"$(inherited)",
					"@executable_path/Frameworks",
					"@loader_path/Frameworks",
				);
				PRODUCT_BUNDLE_IDENTIFIER = dk.mlj.TicTacToeTests;
				PRODUCT_NAME = "$(TARGET_NAME)";
				SWIFT_VERSION = 5.0;
				TARGETED_DEVICE_FAMILY = "1,2";
				TEST_HOST = "$(BUILT_PRODUCTS_DIR)/TicTacToe.app/TicTacToe";
			};
			name = Debug;
		};
		494B2BB3224E2C1E0003D6AD /* Release */ = {
			isa = XCBuildConfiguration;
			buildSettings = {
				ALWAYS_EMBED_SWIFT_STANDARD_LIBRARIES = YES;
				BUNDLE_LOADER = "$(TEST_HOST)";
				CODE_SIGN_STYLE = Automatic;
				DEVELOPMENT_TEAM = JKUK4Z4JD9;
				INFOPLIST_FILE = TicTacToeTests/Info.plist;
				LD_RUNPATH_SEARCH_PATHS = (
					"$(inherited)",
					"@executable_path/Frameworks",
					"@loader_path/Frameworks",
				);
				PRODUCT_BUNDLE_IDENTIFIER = dk.mlj.TicTacToeTests;
				PRODUCT_NAME = "$(TARGET_NAME)";
				SWIFT_VERSION = 5.0;
				TARGETED_DEVICE_FAMILY = "1,2";
				TEST_HOST = "$(BUILT_PRODUCTS_DIR)/TicTacToe.app/TicTacToe";
			};
			name = Release;
		};
		494B2BB5224E2C1E0003D6AD /* Debug */ = {
			isa = XCBuildConfiguration;
			buildSettings = {
				ALWAYS_EMBED_SWIFT_STANDARD_LIBRARIES = YES;
				CODE_SIGN_STYLE = Automatic;
				DEVELOPMENT_TEAM = JKUK4Z4JD9;
				INFOPLIST_FILE = TicTacToeUITests/Info.plist;
				LD_RUNPATH_SEARCH_PATHS = (
					"$(inherited)",
					"@executable_path/Frameworks",
					"@loader_path/Frameworks",
				);
				PRODUCT_BUNDLE_IDENTIFIER = dk.mlj.TicTacToeUITests;
				PRODUCT_NAME = "$(TARGET_NAME)";
				SWIFT_VERSION = 5.0;
				TARGETED_DEVICE_FAMILY = "1,2";
				TEST_TARGET_NAME = TicTacToe;
			};
			name = Debug;
		};
		494B2BB6224E2C1E0003D6AD /* Release */ = {
			isa = XCBuildConfiguration;
			buildSettings = {
				ALWAYS_EMBED_SWIFT_STANDARD_LIBRARIES = YES;
				CODE_SIGN_STYLE = Automatic;
				DEVELOPMENT_TEAM = JKUK4Z4JD9;
				INFOPLIST_FILE = TicTacToeUITests/Info.plist;
				LD_RUNPATH_SEARCH_PATHS = (
					"$(inherited)",
					"@executable_path/Frameworks",
					"@loader_path/Frameworks",
				);
				PRODUCT_BUNDLE_IDENTIFIER = dk.mlj.TicTacToeUITests;
				PRODUCT_NAME = "$(TARGET_NAME)";
				SWIFT_VERSION = 5.0;
				TARGETED_DEVICE_FAMILY = "1,2";
				TEST_TARGET_NAME = TicTacToe;
			};
			name = Release;
		};
/* End XCBuildConfiguration section */

/* Begin XCConfigurationList section */
		494B2B81224E2C1E0003D6AD /* Build configuration list for PBXProject "TicTacToe" */ = {
			isa = XCConfigurationList;
			buildConfigurations = (
				494B2BAC224E2C1E0003D6AD /* Debug */,
				494B2BAD224E2C1E0003D6AD /* Release */,
			);
			defaultConfigurationIsVisible = 0;
			defaultConfigurationName = Release;
		};
		494B2BAE224E2C1E0003D6AD /* Build configuration list for PBXNativeTarget "TicTacToe" */ = {
			isa = XCConfigurationList;
			buildConfigurations = (
				494B2BAF224E2C1E0003D6AD /* Debug */,
				494B2BB0224E2C1E0003D6AD /* Release */,
			);
			defaultConfigurationIsVisible = 0;
			defaultConfigurationName = Release;
		};
		494B2BB1224E2C1E0003D6AD /* Build configuration list for PBXNativeTarget "TicTacToeTests" */ = {
			isa = XCConfigurationList;
			buildConfigurations = (
				494B2BB2224E2C1E0003D6AD /* Debug */,
				494B2BB3224E2C1E0003D6AD /* Release */,
			);
			defaultConfigurationIsVisible = 0;
			defaultConfigurationName = Release;
		};
		494B2BB4224E2C1E0003D6AD /* Build configuration list for PBXNativeTarget "TicTacToeUITests" */ = {
			isa = XCConfigurationList;
			buildConfigurations = (
				494B2BB5224E2C1E0003D6AD /* Debug */,
				494B2BB6224E2C1E0003D6AD /* Release */,
			);
			defaultConfigurationIsVisible = 0;
			defaultConfigurationName = Release;
		};
/* End XCConfigurationList section */
	};
	rootObject = 494B2B7E224E2C1E0003D6AD /* Project object */;
}
